{
    "_readme": [
        "This file locks the dependencies of your project to a known state",
        "Read more about it at https://getcomposer.org/doc/01-basic-usage.md#installing-dependencies",
        "This file is @generated automatically"
    ],
    "content-hash": "717f1e27d57bfd2eed77cb4175712f4f",
    "packages": [
        {
            "name": "doctrine/inflector",
            "version": "2.0.3",
            "source": {
                "type": "git",
                "url": "https://github.com/doctrine/inflector.git",
                "reference": "9cf661f4eb38f7c881cac67c75ea9b00bf97b210"
            },
            "dist": {
                "type": "zip",
                "url": "https://api.github.com/repos/doctrine/inflector/zipball/9cf661f4eb38f7c881cac67c75ea9b00bf97b210",
                "reference": "9cf661f4eb38f7c881cac67c75ea9b00bf97b210",
                "shasum": "",
                "mirrors": [
                    {
                        "url": "https://mirrors.aliyun.com/composer/dists/%package%/%reference%.%type%",
                        "preferred": true
                    }
                ]
            },
            "require": {
                "php": "^7.2 || ^8.0"
            },
            "require-dev": {
                "doctrine/coding-standard": "^7.0",
                "phpstan/phpstan": "^0.11",
                "phpstan/phpstan-phpunit": "^0.11",
                "phpstan/phpstan-strict-rules": "^0.11",
                "phpunit/phpunit": "^7.0 || ^8.0 || ^9.0"
            },
            "type": "library",
            "extra": {
                "branch-alias": {
                    "dev-master": "2.0.x-dev"
                }
            },
            "autoload": {
                "psr-4": {
                    "Doctrine\\Inflector\\": "lib/Doctrine/Inflector"
                }
            },
            "notification-url": "https://packagist.org/downloads/",
            "license": [
                "MIT"
            ],
            "authors": [
                {
                    "name": "Guilherme Blanco",
                    "email": "guilhermeblanco@gmail.com"
                },
                {
                    "name": "Roman Borschel",
                    "email": "roman@code-factory.org"
                },
                {
                    "name": "Benjamin Eberlei",
                    "email": "kontakt@beberlei.de"
                },
                {
                    "name": "Jonathan Wage",
                    "email": "jonwage@gmail.com"
                },
                {
                    "name": "Johannes Schmitt",
                    "email": "schmittjoh@gmail.com"
                }
            ],
            "description": "PHP Doctrine Inflector is a small library that can perform string manipulations with regard to upper/lowercase and singular/plural forms of words.",
            "homepage": "https://www.doctrine-project.org/projects/inflector.html",
            "keywords": [
                "inflection",
                "inflector",
                "lowercase",
                "manipulation",
                "php",
                "plural",
                "singular",
                "strings",
                "uppercase",
                "words"
            ],
            "funding": [
                {
                    "url": "https://www.doctrine-project.org/sponsorship.html",
                    "type": "custom"
                },
                {
                    "url": "https://www.patreon.com/phpdoctrine",
                    "type": "patreon"
                },
                {
                    "url": "https://tidelift.com/funding/github/packagist/doctrine%2Finflector",
                    "type": "tidelift"
                }
            ],
            "time": "2020-05-29T15:13:26+00:00"
        },
        {
            "name": "hyperf/contract",
            "version": "v2.0.3",
            "source": {
                "type": "git",
                "url": "https://github.com/hyperf/contract.git",
                "reference": "e30c825c0b4f2d5bd69b42765600f4d79c416b70"
            },
            "dist": {
                "type": "zip",
                "url": "https://api.github.com/repos/hyperf/contract/zipball/e30c825c0b4f2d5bd69b42765600f4d79c416b70",
                "reference": "e30c825c0b4f2d5bd69b42765600f4d79c416b70",
                "shasum": "",
                "mirrors": [
                    {
                        "url": "https://mirrors.aliyun.com/composer/dists/%package%/%reference%.%type%",
                        "preferred": true
                    }
                ]
            },
            "require": {
                "php": ">=7.2"
            },
            "require-dev": {
                "friendsofphp/php-cs-fixer": "^2.9",
                "malukenho/docheader": "^0.1.6",
                "mockery/mockery": "^1.0",
                "phpunit/phpunit": "^7.0.0"
            },
            "type": "library",
            "extra": {
                "branch-alias": {
                    "dev-master": "2.0-dev"
                },
                "hyperf": []
            },
            "autoload": {
                "psr-4": {
                    "Hyperf\\Contract\\": "src/"
                }
            },
            "notification-url": "https://packagist.org/downloads/",
            "license": [
                "MIT"
            ],
            "description": "The contracts of Hyperf.",
            "homepage": "https://hyperf.io",
            "keywords": [
                "hyperf",
                "php",
                "swoole"
            ],
            "time": "2020-07-15T09:05:45+00:00"
        },
        {
            "name": "hyperf/jet",
            "version": "v0.1.0",
            "source": {
                "type": "git",
                "url": "https://github.com/hyperf/jet.git",
                "reference": "d0fcb96ca9688b7d36db49c6ead2949c3a866e91"
            },
            "dist": {
                "type": "zip",
                "url": "https://api.github.com/repos/hyperf/jet/zipball/d0fcb96ca9688b7d36db49c6ead2949c3a866e91",
                "reference": "d0fcb96ca9688b7d36db49c6ead2949c3a866e91",
                "shasum": "",
                "mirrors": [
                    {
                        "url": "https://mirrors.aliyun.com/composer/dists/%package%/%reference%.%type%",
                        "preferred": true
                    }
                ]
            },
            "require": {
                "hyperf/rpc": "2.0.*",
                "hyperf/utils": "2.0.*",
                "php": ">=7.2"
            },
            "require-dev": {
                "friendsofphp/php-cs-fixer": "^2.14",
                "mockery/mockery": "^1.0",
                "phpunit/phpunit": "^7.0"
            },
            "suggest": {
                "hyperf/load-balancer": "Use load balancer for rpc client."
            },
            "type": "library",
            "autoload": {
                "psr-4": {
                    "Hyperf\\Jet\\": "src/"
                }
            },
            "notification-url": "https://packagist.org/downloads/",
            "license": [
                "MIT"
            ],
            "description": "Jet is a unification model RPC Client, built-in JSON RPC protocol, available to running in ALL PHP environments, including PHP-FPM and Swoole/Hyperf environments.",
            "keywords": [
                "hyperf",
                "jsonrpc",
                "php",
                "php-fpm",
                "rpc",
                "rpc-client",
                "swoole"
            ],
            "time": "2020-08-09T17:54:11+00:00"
        },
        {
            "name": "hyperf/rpc",
            "version": "v2.0.3",
            "source": {
                "type": "git",
                "url": "https://github.com/hyperf/rpc.git",
                "reference": "ee5b6565d56957bd96ffc5dbddab4870229eaa1e"
            },
            "dist": {
                "type": "zip",
                "url": "https://api.github.com/repos/hyperf/rpc/zipball/ee5b6565d56957bd96ffc5dbddab4870229eaa1e",
                "reference": "ee5b6565d56957bd96ffc5dbddab4870229eaa1e",
                "shasum": "",
                "mirrors": [
                    {
                        "url": "https://mirrors.aliyun.com/composer/dists/%package%/%reference%.%type%",
                        "preferred": true
                    }
                ]
            },
            "require": {
                "hyperf/contract": "~2.0.0",
                "hyperf/utils": "~2.0.0",
                "php": ">=7.2"
            },
            "require-dev": {
                "friendsofphp/php-cs-fixer": "^2.9",
                "malukenho/docheader": "^0.1.6",
                "mockery/mockery": "^1.0",
                "phpunit/phpunit": "^7.0.0"
            },
            "type": "library",
            "extra": {
                "branch-alias": {
                    "dev-master": "2.0-dev"
                },
                "hyperf": []
            },
            "autoload": {
                "psr-4": {
                    "Hyperf\\Rpc\\": "src/"
                }
            },
            "notification-url": "https://packagist.org/downloads/",
            "license": [
                "MIT"
            ],
            "description": "A rpc basic library for Hyperf.",
            "homepage": "https://hyperf.io",
            "keywords": [
                "hyperf",
                "php",
                "rpc",
                "swoole"
            ],
            "time": "2020-07-15T09:05:45+00:00"
        },
        {
            "name": "hyperf/utils",
            "version": "v2.0.5",
            "source": {
                "type": "git",
                "url": "https://github.com/hyperf/utils.git",
                "reference": "c0ea0160b69b32c4c60b152cecbff31e7f480819"
            },
            "dist": {
                "type": "zip",
                "url": "https://api.github.com/repos/hyperf/utils/zipball/c0ea0160b69b32c4c60b152cecbff31e7f480819",
                "reference": "c0ea0160b69b32c4c60b152cecbff31e7f480819",
                "shasum": "",
                "mirrors": [
                    {
                        "url": "https://mirrors.aliyun.com/composer/dists/%package%/%reference%.%type%",
                        "preferred": true
                    }
                ]
            },
            "require": {
                "doctrine/inflector": "^2.0",
                "hyperf/contract": "~2.0.0",
                "php": ">=7.2"
            },
            "require-dev": {
                "friendsofphp/php-cs-fixer": "^2.9",
                "malukenho/docheader": "^0.1.6",
                "mockery/mockery": "^1.0",
                "phpunit/phpunit": "^7.0.0",
                "symfony/property-access": "^5.0",
                "symfony/serializer": "^5.0",
                "symfony/var-dumper": "^5.0"
            },
            "suggest": {
                "ext-swoole": "Required to use methods related to swoole (>=4.5).",
                "hyperf/di": "Required to use ExceptionNormalizer",
                "symfony/property-access": "Required to use SymfonyNormalizer (^5.0)",
                "symfony/serializer": "Required to use SymfonyNormalizer (^5.0)",
                "symfony/var-dumper": "Required to use the dd function (^5.0)."
            },
            "type": "library",
            "extra": {
                "hyperf": {
                    "config": "Hyperf\\Utils\\ConfigProvider"
                },
                "branch-alias": {
                    "dev-master": "2.0-dev"
                }
            },
            "autoload": {
                "files": [
                    "src/Functions.php"
                ],
                "psr-4": {
                    "Hyperf\\Utils\\": "src/"
                }
            },
            "notification-url": "https://packagist.org/downloads/",
            "license": [
                "MIT"
            ],
            "description": "A tools package that could help developer solved the problem quickly.",
            "homepage": "https://hyperf.io",
            "keywords": [
                "hyperf",
                "php",
                "swoole",
                "utils"
            ],
            "time": "2020-07-29T10:52:08+00:00"
        }
    ],
    "packages-dev": [],
    "aliases": [],
    "minimum-stability": "stable",
    "stability-flags": [],
    "prefer-stable": false,
    "prefer-lowest": false,
    "platform": [],
    "platform-dev": [],
    "plugin-api-version": "1.1.0"
}
